{
  "version": 4,
  "terraform_version": "1.5.7",
  "serial": 103,
  "lineage": "faa21cd7-8a23-ae62-b39d-52cab56c4c07",
  "outputs": {},
  "resources": [
    {
      "mode": "managed",
      "type": "yandex_compute_instance",
      "name": "vm-1",
      "provider": "provider[\"registry.terraform.io/yandex-cloud/yandex\"]",
      "instances": [
        {
          "schema_version": 1,
          "attributes": {
            "allow_recreate": null,
            "allow_stopping_for_update": null,
            "boot_disk": [
              {
                "auto_delete": true,
                "device_name": "fhm800743qpoi3jug9ti",
                "disk_id": "fhm800743qpoi3jug9ti",
                "initialize_params": [
                  {
                    "block_size": 4096,
                    "description": "",
                    "image_id": "fd8o6khjbdv3f1suqf69",
                    "name": "",
                    "size": 20,
                    "snapshot_id": "",
                    "type": "network-hdd"
                  }
                ],
                "mode": "READ_WRITE"
              }
            ],
            "created_at": "2023-09-28T14:48:50Z",
            "description": "",
            "filesystem": [],
            "folder_id": "b1gjjlp1h6jc8jeaclal",
            "fqdn": "fhmdv0rfre3a9bii3b09.auto.internal",
            "gpu_cluster_id": "",
            "hostname": "",
            "id": "fhmdv0rfre3a9bii3b09",
            "labels": {},
            "local_disk": [],
            "metadata": {
              "ssh-keys": "ubuntu:ssh-rsa AAAAB3NzaC1yc2EAAAADAQABAAABgQCpwzvm+/JrDl6fB5EtjeJSZCBvU/OyQb0vKW29fBYRfoRhwMsMUY+vt6kHBE6XxMftCzkc4mW0hlOEKc0sO6rui1PYH8nGKzICqiNtas8eS6V7Qz4w1OQb7q7jvtiB0VZuow5NZUdTMMaAIiQsYQwE/zJf6bCjsIbQ8gqAvSATMYeE+LcAjeNmPey7/Xp1VSmPRAJYaoSY/ieFDrPVbnt85VLl0FURT6Um1O04btJyEBYExqIffHEdhKez33JS45ERSyGwj1vr/32mlwoFF1tdN5xVYrRIy1/VRefpPSxUhYLlZduUq04n9ZPzpl3IzHJYv2OHDSOeHxKOgd1R1VytInj/Sf2lvShMAConqB8qsfLde5rfw5v6Ao1TMXiQLkYTSCruelOLtKrcWPF7CGO7rjHhVnupzvlboZQ0HgWsCVMnS6J9zhCIXPTmNfihSeGyyNSkGrwIcAoJZImtLpc5wK+QGpcVlpwtMeDXt94Qf6YJ+dHPk69r4KBarwDvM3U= ubuntu@vagrant\n"
            },
            "metadata_options": [
              {
                "aws_v1_http_endpoint": 1,
                "aws_v1_http_token": 2,
                "gce_http_endpoint": 1,
                "gce_http_token": 1
              }
            ],
            "name": "vm1",
            "network_acceleration_type": "standard",
            "network_interface": [
              {
                "dns_record": [],
                "index": 0,
                "ip_address": "192.168.10.32",
                "ipv4": true,
                "ipv6": false,
                "ipv6_address": "",
                "ipv6_dns_record": [],
                "mac_address": "d0:0d:df:83:6f:db",
                "nat": true,
                "nat_dns_record": [],
                "nat_ip_address": "84.201.173.165",
                "nat_ip_version": "IPV4",
                "security_group_ids": [],
                "subnet_id": "e9b5r57e92006f2eou0k"
              }
            ],
            "placement_policy": [
              {
                "host_affinity_rules": [],
                "placement_group_id": ""
              }
            ],
            "platform_id": "standard-v1",
            "resources": [
              {
                "core_fraction": 100,
                "cores": 2,
                "gpus": 0,
                "memory": 2
              }
            ],
            "scheduling_policy": [
              {
                "preemptible": false
              }
            ],
            "secondary_disk": [],
            "service_account_id": "",
            "status": "running",
            "timeouts": null,
            "zone": "ru-central1-a"
          },
          "sensitive_attributes": [],
          "private": "eyJlMmJmYjczMC1lY2FhLTExZTYtOGY4OC0zNDM2M2JjN2M0YzAiOnsiY3JlYXRlIjozMDAwMDAwMDAwMDAsImRlbGV0ZSI6MzAwMDAwMDAwMDAwLCJ1cGRhdGUiOjMwMDAwMDAwMDAwMH0sInNjaGVtYV92ZXJzaW9uIjoiMSJ9",
          "dependencies": [
            "yandex_vpc_subnet.subnet-1"
          ]
        }
      ]
    },
    {
      "mode": "managed",
      "type": "yandex_vpc_network",
      "name": "network-1",
      "provider": "provider[\"registry.terraform.io/yandex-cloud/yandex\"]",
      "instances": [
        {
          "schema_version": 0,
          "attributes": {
            "created_at": "2023-09-28T12:49:55Z",
            "default_security_group_id": "enpnii1ke3d3jnupkeri",
            "description": "",
            "folder_id": "b1gjjlp1h6jc8jeaclal",
            "id": "enp2gmi9mrp5k3nggtar",
            "labels": {},
            "name": "network1",
            "subnet_ids": [
              "e9b5r57e92006f2eou0k"
            ],
            "timeouts": null
          },
          "sensitive_attributes": [],
          "private": "eyJlMmJmYjczMC1lY2FhLTExZTYtOGY4OC0zNDM2M2JjN2M0YzAiOnsiY3JlYXRlIjo2MDAwMDAwMDAwMCwiZGVsZXRlIjo2MDAwMDAwMDAwMCwidXBkYXRlIjo2MDAwMDAwMDAwMH19"
        }
      ]
    },
    {
      "mode": "managed",
      "type": "yandex_vpc_subnet",
      "name": "subnet-1",
      "provider": "provider[\"registry.terraform.io/yandex-cloud/yandex\"]",
      "instances": [
        {
          "schema_version": 0,
          "attributes": {
            "created_at": "2023-09-28T12:49:57Z",
            "description": "",
            "dhcp_options": [],
            "folder_id": "b1gjjlp1h6jc8jeaclal",
            "id": "e9b5r57e92006f2eou0k",
            "labels": {},
            "name": "subnet1",
            "network_id": "enp2gmi9mrp5k3nggtar",
            "route_table_id": "",
            "timeouts": null,
            "v4_cidr_blocks": [
              "192.168.10.0/24"
            ],
            "v6_cidr_blocks": [],
            "zone": "ru-central1-a"
          },
          "sensitive_attributes": [],
          "private": "eyJlMmJmYjczMC1lY2FhLTExZTYtOGY4OC0zNDM2M2JjN2M0YzAiOnsiY3JlYXRlIjoxODAwMDAwMDAwMDAsImRlbGV0ZSI6MTgwMDAwMDAwMDAwLCJ1cGRhdGUiOjE4MDAwMDAwMDAwMH19",
          "dependencies": [
            "yandex_vpc_network.network-1"
          ]
        }
      ]
    }
  ],
  "check_results": null
}
